// !$*UTF8*$!
{
	archiveVersion = 1;
	classes = {
	};
	objectVersion = 46;
	objects = {

/* Begin PBXBuildFile section */
		E7D367C71DA9DEDF005A3702 /* AppDelegate.swift in Sources */ = {isa = PBXBuildFile; fileRef = E7D367C61DA9DEDF005A3702 /* AppDelegate.swift */; };
		E7D367C91DA9DEDF005A3702 /* ViewController.swift in Sources */ = {isa = PBXBuildFile; fileRef = E7D367C81DA9DEDF005A3702 /* ViewController.swift */; };
		E7D367CC1DA9DEDF005A3702 /* Main.storyboard in Resources */ = {isa = PBXBuildFile; fileRef = E7D367CA1DA9DEDF005A3702 /* Main.storyboard */; };
		E7D367CE1DA9DEDF005A3702 /* Assets.xcassets in Resources */ = {isa = PBXBuildFile; fileRef = E7D367CD1DA9DEDF005A3702 /* Assets.xcassets */; };
		E7D367D11DA9DEDF005A3702 /* LaunchScreen.storyboard in Resources */ = {isa = PBXBuildFile; fileRef = E7D367CF1DA9DEDF005A3702 /* LaunchScreen.storyboard */; };
/* End PBXBuildFile section */

/* Begin PBXFileReference section */
		E7D367C31DA9DEDF005A3702 /* TwitterLauncher.app */ = {isa = PBXFileReference; explicitFileType = wrapper.application; includeInIndex = 0; path = TwitterLauncher.app; sourceTree = BUILT_PRODUCTS_DIR; };
		E7D367C61DA9DEDF005A3702 /* AppDelegate.swift */ = {isa = PBXFileReference; lastKnownFileType = sourcecode.swift; path = AppDelegate.swift; sourceTree = "<group>"; };
		E7D367C81DA9DEDF005A3702 /* ViewController.swift */ = {isa = PBXFileReference; lastKnownFileType = sourcecode.swift; path = ViewController.swift; sourceTree = "<group>"; };
		E7D367CB1DA9DEDF005A3702 /* Base */ = {isa = PBXFileReference; lastKnownFileType = file.storyboard; name = Base; path = Base.lproj/Main.storyboard; sourceTree = "<group>"; };
		E7D367CD1DA9DEDF005A3702 /* Assets.xcassets */ = {isa = PBXFileReference; lastKnownFileType = folder.assetcatalog; path = Assets.xcassets; sourceTree = "<group>"; };
		E7D367D01DA9DEDF005A3702 /* Base */ = {isa = PBXFileReference; lastKnownFileType = file.storyboard; name = Base; path = Base.lproj/LaunchScreen.storyboard; sourceTree = "<group>"; };
		E7D367D21DA9DEDF005A3702 /* Info.plist */ = {isa = PBXFileReference; lastKnownFileType = text.plist.xml; path = Info.plist; sourceTree = "<group>"; };
/* End PBXFileReference section */

/* Begin PBXFrameworksBuildPhase section */
		E7D367C01DA9DEDF005A3702 /* Frameworks */ = {
			isa = PBXFrameworksBuildPhase;
			buildActionMask = 2147483647;
			files = (
			);
			runOnlyForDeploymentPostprocessing = 0;
		};
/* End PBXFrameworksBuildPhase section */

/* Begin PBXGroup section */
		E7D367BA1DA9DEDF005A3702 = {
			isa = PBXGroup;
			children = (
				E7D367C51DA9DEDF005A3702 /* TwitterLauncher */,
				E7D367C41DA9DEDF005A3702 /* Products */,
			);
			sourceTree = "<group>";
		};
		E7D367C41DA9DEDF005A3702 /* Products */ = {
			isa = PBXGroup;
			children = (
				E7D367C31DA9DEDF005A3702 /* TwitterLauncher.app */,
			);
			name = Products;
			sourceTree = "<group>";
		};
		E7D367C51DA9DEDF005A3702 /* TwitterLauncher */ = {
			isa = PBXGroup;
			children = (
				E7D367C61DA9DEDF005A3702 /* AppDelegate.swift */,
				E7D367C81DA9DEDF005A3702 /* ViewController.swift */,
				E7D367CA1DA9DEDF005A3702 /* Main.storyboard */,
				E7D367CD1DA9DEDF005A3702 /* Assets.xcassets */,
				E7D367CF1DA9DEDF005A3702 /* LaunchScreen.storyboard */,
				E7D367D21DA9DEDF005A3702 /* Info.plist */,
			);
			path = TwitterLauncher;
			sourceTree = "<group>";
		};
/* End PBXGroup section */

/* Begin PBXNativeTarget section */
		E7D367C21DA9DEDF005A3702 /* TwitterLauncher */ = {
			isa = PBXNativeTarget;
			buildConfigurationList = E7D367D51DA9DEDF005A3702 /* Build configuration list for PBXNativeTarget "TwitterLauncher" */;
			buildPhases = (
				E7D367BF1DA9DEDF005A3702 /* Sources */,
				E7D367C01DA9DEDF005A3702 /* Frameworks */,
				E7D367C11DA9DEDF005A3702 /* Resources */,
			);
			buildRules = (
			);
			dependencies = (
			);
			name = TwitterLauncher;
			productName = TwitterLauncher;
			productReference = E7D367C31DA9DEDF005A3702 /* TwitterLauncher.app */;
			productType = "com.apple.product-type.application";
		};
/* End PBXNativeTarget section */

/* Begin PBXProject section */
		E7D367BB1DA9DEDF005A3702 /* Project object */ = {
			isa = PBXProject;
			attributes = {
				LastSwiftUpdateCheck = 0800;
				LastUpgradeCheck = 0800;
				ORGANIZATIONNAME = Welkin;
				TargetAttributes = {
					E7D367C21DA9DEDF005A3702 = {
						CreatedOnToolsVersion = 8.0;
						DevelopmentTeam = 8GMP7VS667;
						ProvisioningStyle = Automatic;
					};
				};
			};
			buildConfigurationList = E7D367BE1DA9DEDF005A3702 /* Build configuration list for PBXProject "TwitterLauncher" */;
			compatibilityVersion = "Xcode 3.2";
			developmentRegion = English;
			hasScannedForEncodings = 0;
			knownRegions = (
				en,
				Base,
			);
			mainGroup = E7D367BA1DA9DEDF005A3702;
			productRefGroup = E7D367C41DA9DEDF005A3702 /* Products */;
			projectDirPath = "";
			projectRoot = "";
			targets = (
				E7D367C21DA9DEDF005A3702 /* TwitterLauncher */,
			);
		};
/* End PBXProject section */

/* Begin PBXResourcesBuildPhase section */
		E7D367C11DA9DEDF005A3702 /* Resources */ = {
			isa = PBXResourcesBuildPhase;
			buildActionMask = 2147483647;
			files = (
				E7D367D11DA9DEDF005A3702 /* LaunchScreen.storyboard in Resources */,
				E7D367CE1DA9DEDF005A3702 /* Assets.xcassets in Resources */,
				E7D367CC1DA9DEDF005A3702 /* Main.storyboard in Resources */,
			);
			runOnlyForDeploymentPostprocessing = 0;
		};
/* End PBXResourcesBuildPhase section */

/* Begin PBXSourcesBuildPhase section */
		E7D367BF1DA9DEDF005A3702 /* Sources */ = {
			isa = PBXSourcesBuildPhase;
			buildActionMask = 2147483647;
			files = (
				E7D367C91DA9DEDF005A3702 /* ViewController.swift in Sources */,
				E7D367C71DA9DEDF005A3702 /* AppDelegate.swift in Sources */,
			);
			runOnlyForDeploymentPostprocessing = 0;
		};
/* End PBXSourcesBuildPhase section */

/* Begin PBXVariantGroup section */
		E7D367CA1DA9DEDF005A3702 /* Main.storyboard */ = {
			isa = PBXVariantGroup;
			children = (
				E7D367CB1DA9DEDF005A3702 /* Base */,
			);
			name = Main.storyboard;
			sourceTree = "<group>";
		};
		E7D367CF1DA9DEDF005A3702 /* LaunchScreen.storyboard */ = {
			isa = PBXVariantGroup;
			children = (
				E7D367D01DA9DEDF005A3702 /* Base */,
			);
			name = LaunchScreen.storyboard;
			sourceTree = "<group>";
		};
/* End PBXVariantGroup section */

/* Begin XCBuildConfiguration section */
		E7D367D31DA9DEDF005A3702 /* Debug */ = {
			isa = XCBuildConfiguration;
			buildSettings = {
				ALWAYS_SEARCH_USER_PATHS = NO;
				CLANG_ANALYZER_NONNULL = YES;
				CLANG_CXX_LANGUAGE_STANDARD = "gnu++0x";
				CLANG_CXX_LIBRARY = "libc++";
				CLANG_ENABLE_MODULES = YES;
				CLANG_ENABLE_OBJC_ARC = YES;
				CLANG_WARN_BOOL_CONVERSION = YES;
				CLANG_WARN_CONSTANT_CONVERSION = YES;
				CLANG_WARN_DIRECT_OBJC_ISA_USAGE = YES_ERROR;
				CLANG_WARN_DOCUMENTATION_COMMENTS = YES;
				CLANG_WARN_EMPTY_BODY = YES;
				CLANG_WARN_ENUM_CONVERSION = YES;
				CLANG_WARN_INFINITE_RECURSION = YES;
				CLANG_WARN_INT_CONVERSION = YES;
				CLANG_WARN_OBJC_ROOT_CLASS = YES_ERROR;
				CLANG_WARN_SUSPICIOUS_MOVES = YES;
				CLANG_WARN_UNREACHABLE_CODE = YES;
				CLANG_WARN__DUPLICATE_METHOD_MATCH = YES;
				"CODE_SIGN_IDENTITY[sdk=iphoneos*]" = "iPhone Developer";
				COPY_PHASE_STRIP = NO;
				DEBUG_INFORMATION_FORMAT = dwarf;
				ENABLE_STRICT_OBJC_MSGSEND = YES;
				ENABLE_TESTABILITY = YES;
				GCC_C_LANGUAGE_STANDARD = gnu99;
				GCC_DYNAMIC_NO_PIC = NO;
				GCC_NO_COMMON_BLOCKS = YES;
				GCC_OPTIMIZATION_LEVEL = 0;
				GCC_PREPROCESSOR_DEFINITIONS = (
					"DEBUG=1",
					"$(inherited)",
				);
				GCC_WARN_64_TO_32_BIT_CONVERSION = YES;
				GCC_WARN_ABOUT_RETURN_TYPE = YES_ERROR;
				GCC_WARN_UNDECLARED_SELECTOR = YES;
				GCC_WARN_UNINITIALIZED_AUTOS = YES_AGGRESSIVE;
				GCC_WARN_UNUSED_FUNCTION = YES;
				GCC_WARN_UNUSED_VARIABLE = YES;
				IPHONEOS_DEPLOYMENT_TARGET = 10.0;
				MTL_ENABLE_DEBUG_INFO = YES;
				ONLY_ACTIVE_ARCH = YES;
				SDKROOT = iphoneos;
				SWIFT_ACTIVE_COMPILATION_CONDITIONS = DEBUG;
				SWIFT_OPTIMIZATION_LEVEL = "-Onone";
			};
			name = Debug;
		};
		E7D367D41DA9DEDF005A3702 /* Release */ = {
			isa = XCBuildConfiguration;
			buildSettings = {
				ALWAYS_SEARCH_USER_PATHS = NO;
				CLANG_ANALYZER_NONNULL = YES;
				CLANG_CXX_LANGUAGE_STANDARD = "gnu++0x";
				CLANG_CXX_LIBRARY = "libc++";
				CLANG_ENABLE_MODULES = YES;
				CLANG_ENABLE_OBJC_ARC = YES;
				CLANG_WARN_BOOL_CONVERSION = YES;
				CLANG_WARN_CONSTANT_CONVERSION = YES;
				CLANG_WARN_DIRECT_OBJC_ISA_USAGE = YES_ERROR;
				CLANG_WARN_DOCUMENTATION_COMMENTS = YES;
				CLANG_WARN_EMPTY_BODY = YES;
				CLANG_WARN_ENUM_CONVERSION = YES;
				CLANG_WARN_INFINITE_RECURSION = YES;
				CLANG_WARN_INT_CONVERSION = YES;
				CLANG_WARN_OBJC_ROOT_CLASS = YES_ERROR;
				CLANG_WARN_SUSPICIOUS_MOVES = YES;
				CLANG_WARN_UNREACHABLE_CODE = YES;
				CLANG_WARN__DUPLICATE_METHOD_MATCH = YES;
				"CODE_SIGN_IDENTITY[sdk=iphoneos*]" = "iPhone Developer";
				COPY_PHASE_STRIP = NO;
				DEBUG_INFORMATION_FORMAT = "dwarf-with-dsym";
				ENABLE_NS_ASSERTIONS = NO;
				ENABLE_STRICT_OBJC_MSGSEND = YES;
				GCC_C_LANGUAGE_STANDARD = gnu99;
				GCC_NO_COMMON_BLOCKS = YES;
				GCC_WARN_64_TO_32_BIT_CONVERSION = YES;
				GCC_WARN_ABOUT_RETURN_TYPE = YES_ERROR;
				GCC_WARN_UNDECLARED_SELECTOR = YES;
				GCC_WARN_UNINITIALIZED_AUTOS = YES_AGGRESSIVE;
				GCC_WARN_UNUSED_FUNCTION = YES;
				GCC_WARN_UNUSED_VARIABLE = YES;
				IPHONEOS_DEPLOYMENT_TARGET = 10.0;
				MTL_ENABLE_DEBUG_INFO = NO;
				SDKROOT = iphoneos;
				SWIFT_OPTIMIZATION_LEVEL = "-Owholemodule";
				VALIDATE_PRODUCT = YES;
			};
			name = Release;
		};
		E7D367D61DA9DEDF005A3702 /* Debug */ = {
			isa = XCBuildConfiguration;
			buildSettings = {
				ASSETCATALOG_COMPILER_APPICON_NAME = AppIcon;
				DEVELOPMENT_TEAM = 8GMP7VS667;
				INFOPLIST_FILE = TwitterLauncher/Info.plist;
				IPHONEOS_DEPLOYMENT_TARGET = 8.0;
				LD_RUNPATH_SEARCH_PATHS = "$(inherited) @executable_path/Frameworks";
				PRODUCT_BUNDLE_IDENTIFIER = com.welkinx.TwitterLauncher;
				PRODUCT_NAME = "$(TARGET_NAME)";
				SWIFT_VERSION = 3.0;
			};
			name = Debug;
		};
		E7D367D71DA9DEDF005A3702 /* Release */ = {
			isa = XCBuildConfiguration;
			buildSettings = {
				ASSETCATALOG_COMPILER_APPICON_NAME = AppIcon;
				DEVELOPMENT_TEAM = 8GMP7VS667;
				INFOPLIST_FILE = TwitterLauncher/Info.plist;
				IPHONEOS_DEPLOYMENT_TARGET = 8.0;
				LD_RUNPATH_SEARCH_PATHS = "$(inherited) @executable_path/Frameworks";
				PRODUCT_BUNDLE_IDENTIFIER = com.welkinx.TwitterLauncher;
				PRODUCT_NAME = "$(TARGET_NAME)";
				SWIFT_VERSION = 3.0;
			};
			name = Release;
		};
/* End XCBuildConfiguration section */

/* Begin XCConfigurationList section */
		E7D367BE1DA9DEDF005A3702 /* Build configuration list for PBXProject "TwitterLauncher" */ = {
			isa = XCConfigurationList;
			buildConfigurations = (
				E7D367D31DA9DEDF005A3702 /* Debug */,
				E7D367D41DA9DEDF005A3702 /* Release */,
			);
			defaultConfigurationIsVisible = 0;
			defaultConfigurationName = Release;
		};
		E7D367D51DA9DEDF005A3702 /* Build configuration list for PBXNativeTarget "TwitterLauncher" */ = {
			isa = XCConfigurationList;
			buildConfigurations = (
				E7D367D61DA9DEDF005A3702 /* Debug */,
				E7D367D71DA9DEDF005A3702 /* Release */,
			);
			defaultConfigurationIsVisible = 0;
			defaultConfigurationName = Release;
		};
/* End XCConfigurationList section */
	};
	rootObject = E7D367BB1DA9DEDF005A3702 /* Project object */;
}
